
Microsoft Visual Studio Solution File, Format Version 12.00
# Visual Studio Version 17
VisualStudioVersion = 17.10.35013.160
MinimumVisualStudioVersion = 10.0.40219.1
Project("{FAE04EC0-301F-11D3-BF4B-00C04F79EFBC}") = "HasteLayoutGen", "HasteLayoutGen\HasteLayoutGen.csproj", "{FBC55E0F-318B-45AD-B2C9-E22F62E1B70C}"
EndProject
Global
	GlobalSection(SolutionConfigurationPlatforms) = preSolution
		Debug|Any CPU = Debug|Any CPU
		Release|Any CPU = Release|Any CPU
	EndGlobalSection
	GlobalSection(ProjectConfigurationPlatforms) = postSolution
		{FBC55E0F-318B-45AD-B2C9-E22F62E1B70C}.Debug|Any CPU.ActiveCfg = Debug|Any CPU
		{FBC55E0F-318B-45AD-B2C9-E22F62E1B70C}.Debug|Any CPU.Build.0 = Debug|Any CPU
		{FBC55E0F-318B-45AD-B2C9-E22F62E1B70C}.Release|Any CPU.ActiveCfg = Release|Any CPU
		{FBC55E0F-318B-45AD-B2C9-E22F62E1B70C}.Release|Any CPU.Build.0 = Release|Any CPU
	EndGlobalSection
	GlobalSection(SolutionProperties) = preSolution
		HideSolutionNode = FALSE
	EndGlobalSection
	GlobalSection(ExtensibilityGlobals) = postSolution
		SolutionGuid = {B0995DEC-E1BB-4297-B08A-8261C55F9452}
	EndGlobalSection
EndGlobal
